<?xml version="1.0" encoding="utf-8"?>
<Project ToolsVersion="4.0" xmlns="http://schemas.microsoft.com/developer/msbuild/2003">
  <ItemGroup>
    <Filter Include="Source Files">
      <UniqueIdentifier>{4FC737F1-C7A5-4376-A066-2A32D752A2FF}</UniqueIdentifier>
      <Extensions>cpp;c;cc;cxx;c++;cppm;ixx;def;odl;idl;hpj;bat;asm;asmx</Extensions>
    </Filter>
    <Filter Include="Resource Files">
      <UniqueIdentifier>{67DA6AB6-F800-4c08-8B7A-83BB121AAD01}</UniqueIdentifier>
      <Extensions>rc;ico;cur;bmp;dlg;rc2;rct;bin;rgs;gif;jpg;jpeg;jpe;resx;tiff;tif;png;wav;mfcribbon-ms</Extensions>
    </Filter>
    <Filter Include="Header Files">
      <UniqueIdentifier>{dcc57a28-c042-4d08-ba7d-001471ed1529}</UniqueIdentifier>
    </Filter>
  </ItemGroup>
  <ItemGroup>
    <ClCompile Include="souse\Action.cpp">
      <Filter>Source Files</Filter>
    </ClCompile>
    <ClCompile Include="souse\Assets.cpp">
      <Filter>Source Files</Filter>
    </ClCompile>
    <ClCompile Include="souse\Entity.cpp">
      <Filter>Source Files</Filter>
    </ClCompile>
    <ClCompile Include="souse\EntityManager.cpp">
      <Filter>Source Files</Filter>
    </ClCompile>
    <ClCompile Include="souse\Game1.cpp">
      <Filter>Source Files</Filter>
    </ClCompile>
    <ClCompile Include="souse\Game2.cpp">
      <Filter>Source Files</Filter>
    </ClCompile>
    <ClCompile Include="souse\GameEngine.cpp">
      <Filter>Source Files</Filter>
    </ClCompile>
    <ClCompile Include="souse\main.cpp">
      <Filter>Source Files</Filter>
    </ClCompile>
    <ClCompile Include="souse\Scene.cpp">
      <Filter>Source Files</Filter>
    </ClCompile>
    <ClCompile Include="souse\Scene_Menu.cpp">
      <Filter>Source Files</Filter>
    </ClCompile>
    <ClCompile Include="souse\Vec2.cpp">
      <Filter>Source Files</Filter>
    </ClCompile>
    <ClCompile Include="souse\Server.cpp">
      <Filter>Source Files</Filter>
    </ClCompile>
  </ItemGroup>
  <ItemGroup>
    <ClInclude Include="souse\Action.h">
      <Filter>Header Files</Filter>
    </ClInclude>
    <ClInclude Include="souse\Assets.h">
      <Filter>Header Files</Filter>
    </ClInclude>
    <ClInclude Include="souse\Components.h">
      <Filter>Header Files</Filter>
    </ClInclude>
    <ClInclude Include="souse\Entity.h">
      <Filter>Header Files</Filter>
    </ClInclude>
    <ClInclude Include="souse\EntityManager.h">
      <Filter>Header Files</Filter>
    </ClInclude>
    <ClInclude Include="souse\Game1.h">
      <Filter>Header Files</Filter>
    </ClInclude>
    <ClInclude Include="souse\Game2.h">
      <Filter>Header Files</Filter>
    </ClInclude>
    <ClInclude Include="souse\GameEngine.h">
      <Filter>Header Files</Filter>
    </ClInclude>
    <ClInclude Include="souse\Scene.h">
      <Filter>Header Files</Filter>
    </ClInclude>
    <ClInclude Include="souse\Scene_menu.h">
      <Filter>Header Files</Filter>
    </ClInclude>
    <ClInclude Include="souse\Vec2.h">
      <Filter>Header Files</Filter>
    </ClInclude>
    <ClInclude Include="souse\Server.h">
      <Filter>Header Files</Filter>
    </ClInclude>
  </ItemGroup>
</Project>